lockfileVersion: '9.0'

settings:
  autoInstallPeers: true
  excludeLinksFromLockfile: false

importers:

  .:
    devDependencies:
      '@types/node':
        specifier: ^26.0.0
        version: 26.0.0
      oxfmt:
        specifier: ^0.56.0
        version: 0.56.0
      oxlint:
        specifier: ^1.71.0
        version: 1.71.0
      typescript:
        specifier: ^6.0.3
        version: 6.0.3

  packages/espresso:
    devDependencies:
      '@rslib/core':
        specifier: ^0.23.0
        version: 0.23.0(@typescript/native-preview@7.0.0-dev.20260623.1)(typescript@6.0.3)
      '@typescript/native-preview':
        specifier: 7.0.0-dev.20260623.1
        version: 7.0.0-dev.20260623.1
      typescript:
        specifier: ^6.0.3
        version: 6.0.3

  packages/test:
    devDependencies:
      '@kaffee/espresso':
        specifier: workspace:^
        version: link:../espresso
      '@rstest/core':
        specifier: ^0.10.6
        version: 0.10.6
      '@types/crypto-js':
        specifier: ^4.2.2
        version: 4.2.2
      crypto-js:
        specifier: ^4.2.0
        version: 4.2.0
      typescript:
        specifier: ^6.0.3
        version: 6.0.3

packages:

  '@ast-grep/napi-darwin-arm64@0.37.0':
    resolution: {integrity: sha512-QAiIiaAbLvMEg/yBbyKn+p1gX2/FuaC0SMf7D7capm/oG4xGMzdeaQIcSosF4TCxxV+hIH4Bz9e4/u7w6Bnk3Q==}
    engines: {node: '>= 10'}
    cpu: [arm64]
    os: [darwin]

  '@ast-grep/napi-darwin-x64@0.37.0':
    resolution: {integrity: sha512-zvcvdgekd4ySV3zUbUp8HF5nk5zqwiMXTuVzTUdl/w08O7JjM6XPOIVT+d2o/MqwM9rsXdzdergY5oY2RdhSPA==}
    engines: {node: '>= 10'}
    cpu: [x64]
    os: [darwin]

  '@ast-grep/napi-linux-arm64-gnu@0.37.0':
    resolution: {integrity: sha512-L7Sj0lXy8X+BqSMgr1LB8cCoWk0rericdeu+dC8/c8zpsav5Oo2IQKY1PmiZ7H8IHoFBbURLf8iklY9wsD+cyA==}
    engines: {node: '>= 10'}
    cpu: [arm64]
    os: [linux]
    libc: [glibc]

  '@ast-grep/napi-linux-arm64-musl@0.37.0':
    resolution: {integrity: sha512-LF9sAvYy6es/OdyJDO3RwkX3I82Vkfsng1sqUBcoWC1jVb1wX5YVzHtpQox9JrEhGl+bNp7FYxB4Qba9OdA5GA==}
    engines: {node: '>= 10'}
    cpu: [arm64]
    os: [linux]
    libc: [musl]

  '@ast-grep/napi-linux-x64-gnu@0.37.0':
    resolution: {integrity: sha512-TViz5/klqre6aSmJzswEIjApnGjJzstG/SE8VDWsrftMBMYt2PTu3MeluZVwzSqDao8doT/P+6U11dU05UOgxw==}
    engines: {node: '>= 10'}
    cpu: [x64]
    os: [linux]
    libc: [glibc]

  '@ast-grep/napi-linux-x64-musl@0.37.0':
    resolution: {integrity: sha512-/BcCH33S9E3ovOAEoxYngUNXgb+JLg991sdyiNP2bSoYd30a9RHrG7CYwW6fMgua3ijQ474eV6cq9yZO1bCpXg==}
    engines: {node: '>= 10'}
    cpu: [x64]
    os: [linux]
    libc: [musl]

  '@ast-grep/napi-win32-arm64-msvc@0.37.0':
    resolution: {integrity: sha512-TjQA4cFoIEW2bgjLkaL9yqT4XWuuLa5MCNd0VCDhGRDMNQ9+rhwi9eLOWRaap3xzT7g+nlbcEHL3AkVCD2+b3A==}
    engines: {node: '>= 10'}
    cpu: [arm64]
    os: [win32]

  '@ast-grep/napi-win32-ia32-msvc@0.37.0':
    resolution: {integrity: sha512-uNmVka8fJCdYsyOlF9aZqQMLTatEYBynjChVTzUfFMDfmZ0bihs/YTqJVbkSm8TZM7CUX82apvn50z/dX5iWRA==}
    engines: {node: '>= 10'}
    cpu: [ia32]
    os: [win32]

  '@ast-grep/napi-win32-x64-msvc@0.37.0':
    resolution: {integrity: sha512-vCiFOT3hSCQuHHfZ933GAwnPzmL0G04JxQEsBRfqONywyT8bSdDc/ECpAfr3S9VcS4JZ9/F6tkePKW/Om2Dq2g==}
    engines: {node: '>= 10'}
    cpu: [x64]
    os: [win32]

  '@ast-grep/napi@0.37.0':
    resolution: {integrity: sha512-Hb4o6h1Pf6yRUAX07DR4JVY7dmQw+RVQMW5/m55GoiAT/VRoKCWBtIUPPOnqDVhbx1Cjfil9b6EDrgJsUAujEQ==}
    engines: {node: '>= 10'}

  '@emnapi/core@1.10.0':
    resolution: {integrity: sha512-yq6OkJ4p82CAfPl0u9mQebQHKPJkY7WrIuk205cTYnYe+k2Z8YBh11FrbRG/H6ihirqcacOgl2BIO8oyMQLeXw==}

  '@emnapi/runtime@1.10.0':
    resolution: {integrity: sha512-ewvYlk86xUoGI0zQRNq/mC+16R1QeDlKQy21Ki3oSYXNgLb45GV1P6A0M+/s6nyCuNDqe5VpaY84BzXGwVbwFA==}

  '@emnapi/wasi-threads@1.2.1':
    resolution: {integrity: sha512-uTII7OYF+/Mes/MrcIOYp5yOtSMLBWSIoLPpcgwipoiKbli6k322tcoFsxoIIxPDqW01SQGAgko4EzZi2BNv2w==}

  '@napi-rs/wasm-runtime@1.1.4':
    resolution: {integrity: sha512-3NQNNgA1YSlJb/kMH1ildASP9HW7/7kYnRI2szWJaofaS1hWmbGI4H+d3+22aGzXXN9IJ+n+GiFVcGipJP18ow==}
    peerDependencies:
      '@emnapi/core': ^1.7.1
      '@emnapi/runtime': ^1.7.1

  '@oxfmt/binding-android-arm-eabi@0.56.0':
    resolution: {integrity: sha512-CSCxi7ovYojgfdPOdUb9T508HKeAdDIKeRGg7x8IZwVJrWz9gVgX7MbUnFqtQAE4QvoNo07mj2JlwnOzJw4qqA==}
    engines: {node: ^20.19.0 || >=22.12.0}
    cpu: [arm]
    os: [android]

  '@oxfmt/binding-android-arm64@0.56.0':
    resolution: {integrity: sha512-HYJFnd+PkDwf6S9ZPGzXXtjNqvRWFnnhdbWaouh4mi/SxU8wmDuzlMn3xo/wDTGnr4Q1VA7ZzOaE/D4biW0W6A==}
    engines: {node: ^20.19.0 || >=22.12.0}
    cpu: [arm64]
    os: [android]

  '@oxfmt/binding-darwin-arm64@0.56.0':
    resolution: {integrity: sha512-sftR/bEOr+t1gs+evwsHi/Xbq2FAPA2uU3VMr8n6ZU9PoK/IMSfnfu7+OEe/uy1+knhrFl4Wvy7Vkm3uo9mJ7g==}
    engines: {node: ^20.19.0 || >=22.12.0}
    cpu: [arm64]
    os: [darwin]

  '@oxfmt/binding-darwin-x64@0.56.0':
    resolution: {integrity: sha512-z66SdjLqa3MUPKvTp3Mbb5nSjKSbnYxJGeB+Wx987s8T5hPcIRiBMfnJ6zcPgYtQn3x5xjvdzNVkXrSeYH6ZFg==}
    engines: {node: ^20.19.0 || >=22.12.0}
    cpu: [x64]
    os: [darwin]

  '@oxfmt/binding-freebsd-x64@0.56.0':
    resolution: {integrity: sha512-t2tkrV1vtZyaItSQ71dTi2ZVKZEI39b/LqLT12V5KMfIeXK6N32TUC1jhOXKVQmhECq9j2ZXMQV3JeT1kh9Vmg==}
    engines: {node: ^20.19.0 || >=22.12.0}
    cpu: [x64]
    os: [freebsd]

  '@oxfmt/binding-linux-arm-gnueabihf@0.56.0':
    resolution: {integrity: sha512-+gCy+Tp3RHeXQ9y/QrS76lXIpZkbziTyp6hIgjB2MssCwfMph3vG/GEfkhO34Rai1vhYIaUkvv8UT1BcDorJPw==}
    engines: {node: ^20.19.0 || >=22.12.0}
    cpu: [arm]
    os: [linux]

  '@oxfmt/binding-linux-arm-musleabihf@0.56.0':
    resolution: {integrity: sha512-0kKkVvQ2I+FJ2sxQyUu1zJ0yWP5kcWse/yVFnGQSFCXMwSSkfEaUGu0dW774O7nyy3jrcBGap7OSc8dZmU/CdA==}
    engines: {node: ^20.19.0 || >=22.12.0}
    cpu: [arm]
    os: [linux]

  '@oxfmt/binding-linux-arm64-gnu@0.56.0':
    resolution: {integrity: sha512-npkA2siMbyWRh+wEhi1aTAx4RirukGcGNt8V4Ch86pG+xU9aurqS1MZOnKYMu03ISwat3rB6zkQx51SsB9obNw==}
    engines: {node: ^20.19.0 || >=22.12.0}
    cpu: [arm64]
    os: [linux]
    libc: [glibc]

  '@oxfmt/binding-linux-arm64-musl@0.56.0':
    resolution: {integrity: sha512-UekqOjGkV4/MkqreCV9SPIB2jlR3/HbXrmhV1rVXJZ9wfDXMyCMriLtq3tHqLY4PkbVWNtfcm1kMojJ26KLSJw==}
    engines: {node: ^20.19.0 || >=22.12.0}
    cpu: [arm64]
    os: [linux]
    libc: [musl]

  '@oxfmt/binding-linux-ppc64-gnu@0.56.0':
    resolution: {integrity: sha512-XSzveSpeZMD5XJpew5lRFVtNnT04xd3rJxENXmk7wkZzN9oWzv2aFJyoNDhOtoz69BYaS/fg4SYl+CfEZRpB0Q==}
    engines: {node: ^20.19.0 || >=22.12.0}
    cpu: [ppc64]
    os: [linux]
    libc: [glibc]

  '@oxfmt/binding-linux-riscv64-gnu@0.56.0':
    resolution: {integrity: sha512-EkQ0nJa7k7HDDIVuPF7WY+k4k+bzdclLYtyIXNt7/OqVghfNiMym6YGppFBgx1XRIHW6QylxBz5OogumPjPJbQ==}
    engines: {node: ^20.19.0 || >=22.12.0}
    cpu: [riscv64]
    os: [linux]
    libc: [glibc]

  '@oxfmt/binding-linux-riscv64-musl@0.56.0':
    resolution: {integrity: sha512-dyjAGW8jKRge0ik6U/dgvQG0nVpA3iBlRskQTz5qJLvQWIrySxX5jpqzPetLBNIIZ231KA82fDdi1nLTk8ENCw==}
    engines: {node: ^20.19.0 || >=22.12.0}
    cpu: [riscv64]
    os: [linux]
    libc: [musl]

  '@oxfmt/binding-linux-s390x-gnu@0.56.0':
    resolution: {integrity: sha512-60ZGH3LtfqlW8X6vcLdSFY4lvCQYINurttYBKaALnHCDVAUCYJ1LsUgS6p1XOzVlzEDx3yNUZvDF1Lvt59zoZw==}
    engines: {node: ^20.19.0 || >=22.12.0}
    cpu: [s390x]
    os: [linux]
    libc: [glibc]

  '@oxfmt/binding-linux-x64-gnu@0.56.0':
    resolution: {integrity: sha512-u1suj1tgJHK4ZqB7buCtdbNef2n8+d0lXTPJwLHNmtyK6p+DTpsaoDvmqhQrA56fgKYv4LuRxNtL8YooebKOew==}
    engines: {node: ^20.19.0 || >=22.12.0}
    cpu: [x64]
    os: [linux]
    libc: [glibc]

  '@oxfmt/binding-linux-x64-musl@0.56.0':
    resolution: {integrity: sha512-aYGLvlQHt80y+qKEtfJY/Nm27G0125Lv+qyh9SJ4Cjc6lXnXjD+ndfhqQnbV24POpMi7rNRi0jvx/0d70FRpCQ==}
    engines: {node: ^20.19.0 || >=22.12.0}
    cpu: [x64]
    os: [linux]
    libc: [musl]

  '@oxfmt/binding-openharmony-arm64@0.56.0':
    resolution: {integrity: sha512-H/re/gO+7ysVc+kywHNuzY3C33EN9sQcZhg0kp1ZwOZl7y998ZE5mhnBiuGR/nYI0pqLL5xQfrHVUOJ/cIJsCA==}
    engines: {node: ^20.19.0 || >=22.12.0}
    cpu: [arm64]
    os: [openharmony]

  '@oxfmt/binding-win32-arm64-msvc@0.56.0':
    resolution: {integrity: sha512-6qLNXfXmtAs8jXDvYMkxk6Wec5SUJoew+ZX1uOZmqaR7ks0EJFbAohuOCELDyJMWyVlxotVG8Xf8m74Bfq0O2w==}
    engines: {node: ^20.19.0 || >=22.12.0}
    cpu: [arm64]
    os: [win32]

  '@oxfmt/binding-win32-ia32-msvc@0.56.0':
    resolution: {integrity: sha512-UXEXuKphAe15bsob4AswNMArCw38XSmUIs3wk1s6e6MX9OWGW/IRWU95s1hZDiVg09STy1jHgyN2qkqbu1FT0w==}
    engines: {node: ^20.19.0 || >=22.12.0}
    cpu: [ia32]
    os: [win32]

  '@oxfmt/binding-win32-x64-msvc@0.56.0':
    resolution: {integrity: sha512-HPyNDjky+NIOuaMvHZflR+kst3YWdUOH2JUQYkf99grqZ5mEBTQM6h9iGy501Z8Xt5xMScrwHOuVCOlqDrktRw==}
    engines: {node: ^20.19.0 || >=22.12.0}
    cpu: [x64]
    os: [win32]

  '@oxlint/binding-android-arm-eabi@1.71.0':
    resolution: {integrity: sha512-ImGmd1njEg4FEJH03jhRnveEegtO3czCtfptvaHivKAZQIYATbVFBrrzbaYMYv0oJioTnxZAZVSyV+oL7W8S2g==}
    engines: {node: ^20.19.0 || >=22.12.0}
    cpu: [arm]
    os: [android]

  '@oxlint/binding-android-arm64@1.71.0':
    resolution: {integrity: sha512-4A5BEexBrwY1YFF8Kiq/lp/wQPRG79G3BWIE1FuWaM5MvmpYSd+7ZySVcKkHdwo0UDzdQGddp6pD9mpctMqLnw==}
    engines: {node: ^20.19.0 || >=22.12.0}
    cpu: [arm64]
    os: [android]

  '@oxlint/binding-darwin-arm64@1.71.0':
    resolution: {integrity: sha512-9wJA9GJulLwS2usU3CEisI/ESDO1n1z9eyTCvApMDrAkbJ1ve0mORgTMjcWWsKxkzkeZ2N/Gpra5IQE7x8tYgQ==}
    engines: {node: ^20.19.0 || >=22.12.0}
    cpu: [arm64]
    os: [darwin]

  '@oxlint/binding-darwin-x64@1.71.0':
    resolution: {integrity: sha512-PlLCjS06V0PeJMAJwzjrExw1sYNW9Gch3JtNlcwwZDXGlTYDuwHNN89zYH8LTXFfgkVtsYvs2nv0FqrzyuFDzg==}
    engines: {node: ^20.19.0 || >=22.12.0}
    cpu: [x64]
    os: [darwin]

  '@oxlint/binding-freebsd-x64@1.71.0':
    resolution: {integrity: sha512-Lhil7bWre0ncxbUoDoxfS0JzpTz17BRQKW7iwoAUY8GJ66+WwJEfYPCFJ1P0WgVZR5/O/b3Q2pENlHOjeXLOGQ==}
    engines: {node: ^20.19.0 || >=22.12.0}
    cpu: [x64]
    os: [freebsd]

  '@oxlint/binding-linux-arm-gnueabihf@1.71.0':
    resolution: {integrity: sha512-Oo9/L58PYD3RC0x05d2upAPLllHytTjHQGsnC06P6Ynn7jKkp5mdImQxXdJ3+FnBaKspNpGogzgVsi6g872LiA==}
    engines: {node: ^20.19.0 || >=22.12.0}
    cpu: [arm]
    os: [linux]

  '@oxlint/binding-linux-arm-musleabihf@1.71.0':
    resolution: {integrity: sha512-mSHfyfgJrEbyIR29ejaeS50BdPk+GoNPlC1dckpDiUZbJAIel68sjSMdOt4WY0/gva+ECC7FNITQkxMJU+vSBw==}
    engines: {node: ^20.19.0 || >=22.12.0}
    cpu: [arm]
    os: [linux]

  '@oxlint/binding-linux-arm64-gnu@1.71.0':
    resolution: {integrity: sha512-n9yY4M2tiy3aij4AqtlnspzpfdpeT5JQfK2/w2d8oyp5W0FRwOb1dIeX99nORNcxGr08iD9bH8N5XFz3I2iy8w==}
    engines: {node: ^20.19.0 || >=22.12.0}
    cpu: [arm64]
    os: [linux]
    libc: [glibc]

  '@oxlint/binding-linux-arm64-musl@1.71.0':
    resolution: {integrity: sha512-fJZrs5sDZtTaPIOiemRQQmo82Ezy+vOGXemPc4Ok7iVVsYsFa7SlW6Z5XN819VfsqBHRm3NJ3rTdnR8+bJYJdQ==}
    engines: {node: ^20.19.0 || >=22.12.0}
    cpu: [arm64]
    os: [linux]
    libc: [musl]

  '@oxlint/binding-linux-ppc64-gnu@1.71.0':
    resolution: {integrity: sha512-cwl7VKGERIy9p+G+AvZdfy/06q0aHXaTt/mMRReC751iuNYJgqKjB7NydXSS30nBT9vtr2tunciOtrR4fD6FUA==}
    engines: {node: ^20.19.0 || >=22.12.0}
    cpu: [ppc64]
    os: [linux]
    libc: [glibc]

  '@oxlint/binding-linux-riscv64-gnu@1.71.0':
    resolution: {integrity: sha512-eZ8ieVXvzGi8jr7+ybQGPK2STw3mldfxZlgA2738iflfB/rzA69sE6m5rDRpQaxC7dpm745Enlh1Tod0QAk9Gg==}
    engines: {node: ^20.19.0 || >=22.12.0}
    cpu: [riscv64]
    os: [linux]
    libc: [glibc]

  '@oxlint/binding-linux-riscv64-musl@1.71.0':
    resolution: {integrity: sha512-puMDbQYe6+NXwfMusojoA7CXGn2b3utukmd23PQqc1E3XhVCwyZ+FueSMzDYeNgDV2dUfIVXAAKZBcFDeCL6sA==}
    engines: {node: ^20.19.0 || >=22.12.0}
    cpu: [riscv64]
    os: [linux]
    libc: [musl]

  '@oxlint/binding-linux-s390x-gnu@1.71.0':
    resolution: {integrity: sha512-4NJLxBs1ujISCt3L/1FcywLs73PWtJuw+piD6feK2V6h6OS6P7xu9/sWt1DTRLibe6QCzmfZzmM/2HPORoV/Lg==}
    engines: {node: ^20.19.0 || >=22.12.0}
    cpu: [s390x]
    os: [linux]
    libc: [glibc]

  '@oxlint/binding-linux-x64-gnu@1.71.0':
    resolution: {integrity: sha512-cFDaiR8L3430qp88tfZnvFlt3KotFhR/DlbIL0nHOMMYiG/9Wy4l+6f7t8G8pTa9bd8Lt8+M0y/qjRQ/xcB74g==}
    engines: {node: ^20.19.0 || >=22.12.0}
    cpu: [x64]
    os: [linux]
    libc: [glibc]

  '@oxlint/binding-linux-x64-musl@1.71.0':
    resolution: {integrity: sha512-orfixdt76KlpNly9z0PkWBBNfwjKz+JFVLP/7wnVchlKNU9Dpt9InU/ZggeSej6fC7qwHmHNOGlhLnQXcYoGuA==}
    engines: {node: ^20.19.0 || >=22.12.0}
    cpu: [x64]
    os: [linux]
    libc: [musl]

  '@oxlint/binding-openharmony-arm64@1.71.0':
    resolution: {integrity: sha512-9emQu2lAp6yhPB3XuI+++vR+l/o6JR1X+EpxwcumPdQXBWXEPAsquPGL7l158EqU8SebQMXTUa/S5zN98juyHw==}
    engines: {node: ^20.19.0 || >=22.12.0}
    cpu: [arm64]
    os: [openharmony]

  '@oxlint/binding-win32-arm64-msvc@1.71.0':
    resolution: {integrity: sha512-bd5kI8spYwTm3BILDtGhi73zoup5dw8MlPQNT8YB3BD5UIsjNe3K9/4ctrzQMX4SZMoK5HgzVLkLJzacEXB7fA==}
    engines: {node: ^20.19.0 || >=22.12.0}
    cpu: [arm64]
    os: [win32]

  '@oxlint/binding-win32-ia32-msvc@1.71.0':
    resolution: {integrity: sha512-W4HvOHGzVLHcrmFu+bMrJlho+/yrlX5ZNdJZqGe8MEldkQG+RHYhxxad9P4jvWAYFmIqUA5i9DQ8QsJqSU9GIw==}
    engines: {node: ^20.19.0 || >=22.12.0}
    cpu: [ia32]
    os: [win32]

  '@oxlint/binding-win32-x64-msvc@1.71.0':
    resolution: {integrity: sha512-D2kyEIPHk/G/wiZLnwTVC/sVst+T/lKldVOjAFpgTIBUAOlry72e5OiapDbDBF4LfJLkN5ypJb/8Eu6yJzkveQ==}
    engines: {node: ^20.19.0 || >=22.12.0}
    cpu: [x64]
    os: [win32]

  '@rsbuild/core@2.0.15':
    resolution: {integrity: sha512-O8vmMhZu1YImO6jOqt/K/vlJSvkq7UtSq5YM1DIlcEd9LW8Gf6/dkQ1B2KPI6F+hSMFBnTTTumdcIowSLCw97g==}
    engines: {node: ^20.19.0 || >=22.12.0}
    hasBin: true
    peerDependencies:
      core-js: '>= 3.0.0'
    peerDependenciesMeta:
      core-js:
        optional: true

  '@rslib/core@0.23.0':
    resolution: {integrity: sha512-OEn5iNKYIyoy0JEUOXH2UTPBKlQRy/RjOtODhC4vS/sIw9iE8Nsp/4s0aeOkNtxsenuuxZCZo2foYvilI7VRgg==}
    engines: {node: ^20.19.0 || >=22.12.0}
    hasBin: true
    peerDependencies:
      '@microsoft/api-extractor': ^7
      typescript: ^5 || ^6
    peerDependenciesMeta:
      '@microsoft/api-extractor':
        optional: true
      typescript:
        optional: true

  '@rspack/binding-darwin-arm64@2.0.8':
    resolution: {integrity: sha512-vCgbgH7B7qom+uID+RCZsTCOYFb9wC4/4+1U6rMfytrXGVJ72eNQs2tbdjOl0lb18CT3N/n+VkWynUiLk84GwA==}
    cpu: [arm64]
    os: [darwin]

  '@rspack/binding-darwin-x64@2.0.8':
    resolution: {integrity: sha512-satPm2PD4B7jDTVlVAdvMVdUszwLvWUEnUDzLb77mvVkezKNDZmuhb+e8s+FfKs8hJpNbZ9VAejuA2rr8o985w==}
    cpu: [x64]
    os: [darwin]

  '@rspack/binding-linux-arm64-gnu@2.0.8':
    resolution: {integrity: sha512-pSI+npPQE/uDtiboqvcOIRJbEV2+B+H1xffmko/gw50la92oTUW60kVULFwsb6L0+GVCzIcwX3yq60GtYIn+Ug==}
    cpu: [arm64]
    os: [linux]
    libc: [glibc]

  '@rspack/binding-linux-arm64-musl@2.0.8':
    resolution: {integrity: sha512-igjJ43yxWQ72GZqjDDZSSHax9/Vg+6rLMmOvFglTJUkQpB4Tyvu/YjW+WRjYj2xRw6blOjLxUSJWASvuSqqlvg==}
    cpu: [arm64]
    os: [linux]
    libc: [musl]

  '@rspack/binding-linux-x64-gnu@2.0.8':
    resolution: {integrity: sha512-zrkoEOnqj1hOEBO5T2I/2Ts2HSJsYFh1qXwMpK4dMJFGGNWDfNeUa6/LF5uq3VINF3JUl7RL47AgrucoSZJXPA==}
    cpu: [x64]
    os: [linux]
    libc: [glibc]

  '@rspack/binding-linux-x64-musl@2.0.8':
    resolution: {integrity: sha512-6CtDaGZjNDvJd9TBp7a9zABbrPORO21W96+3ZcGBn0YNUPUk4ARxIxrTTpeJ/1F41QDM8AYIkGDdqEYMqTYBsA==}
    cpu: [x64]
    os: [linux]
    libc: [musl]

  '@rspack/binding-wasm32-wasi@2.0.8':
    resolution: {integrity: sha512-Yf4SiqTUroT5Ju+te0YAY2xxKOb35tECsO21v7hYyGa705wrgoAK/MmF7enOvs9GR1iZIqgiLD/wxsIxl8GjJw==}
    cpu: [wasm32]

  '@rspack/binding-win32-arm64-msvc@2.0.8':
    resolution: {integrity: sha512-8NCuiQsAhXrwRBy57QZoypqrws/zLBkaQVGiB8hksr6v++8hNigNjqpQARLbd0iyMuHsQQ++8+auGk6xlDXmzw==}
    cpu: [arm64]
    os: [win32]

  '@rspack/binding-win32-ia32-msvc@2.0.8':
    resolution: {integrity: sha512-bxiekytbX7V9KFAra+HkwtNWC6pYfHEBBZFpiT0xUs3mCFOmAAFVBsBSQsoCP9AdCEXoMAvNdnrHNw3iov4OZw==}
    cpu: [ia32]
    os: [win32]

  '@rspack/binding-win32-x64-msvc@2.0.8':
    resolution: {integrity: sha512-7zPs8YCe/ZVJTwd+5lpB0CP0tkn2pONf/T1ycmVY76u21Nrwt8mXQGc/2yH2eWP4B7fikYBr3hGr7mpR2fajqQ==}
    cpu: [x64]
    os: [win32]

  '@rspack/binding@2.0.8':
    resolution: {integrity: sha512-3uZ+y8aQxq33ty2srMxg2Nu0XuBI6vVrG50rkDaXqwWqOohfgGUSfFuQK7EnSUNy4aFUQlCG6NHialQHJov0wg==}

  '@rspack/core@2.0.8':
    resolution: {integrity: sha512-+NLGJf8gZxihDmMFzjlly3toc2SMjeDmuvz0/Cai9AMdV4F+Pqcnt2BA9V4e3SY2jmhJQtPwgyyLtR1RiJO77g==}
    engines: {node: ^20.19.0 || >=22.12.0}
    peerDependencies:
      '@module-federation/runtime-tools': ^0.24.1 || ^2.0.0
      '@swc/helpers': ^0.5.23
    peerDependenciesMeta:
      '@module-federation/runtime-tools':
        optional: true
      '@swc/helpers':
        optional: true

  '@rstest/core@0.10.6':
    resolution: {integrity: sha512-nX61dw2Tnxfwy/jGZEuNbh2tzapgaH6Iwj4Aw5d2wxUwxptUL3ddUxFF5M1ZSWoLEVG30VaPg3ITzrSo5sdbTg==}
    engines: {node: ^20.19.0 || >=22.12.0}
    hasBin: true
    peerDependencies:
      happy-dom: ^20.8.3
      jsdom: '*'
    peerDependenciesMeta:
      happy-dom:
        optional: true
      jsdom:
        optional: true

  '@swc/helpers@0.5.23':
    resolution: {integrity: sha512-5lSsMOTXURePglDfvuAQUqkGek9Hg2kksOYay2m0+XR++b2NWYL/4sWyuvVBIs8oKnJaxkdi9whaL/sqN13afw==}

  '@tybys/wasm-util@0.10.2':
    resolution: {integrity: sha512-RoBvJ2X0wuKlWFIjrwffGw1IqZHKQqzIchKaadZZfnNpsAYp2mM0h36JtPCjNDAHGgYez/15uMBpfGwchhiMgg==}

  '@types/chai@5.2.3':
    resolution: {integrity: sha512-Mw558oeA9fFbv65/y4mHtXDs9bPnFMZAL/jxdPFUpOHHIXX91mcgEHbS5Lahr+pwZFR8A7GQleRWeI6cGFC2UA==}

  '@types/crypto-js@4.2.2':
    resolution: {integrity: sha512-sDOLlVbHhXpAUAL0YHDUUwDZf3iN4Bwi4W6a0W0b+QcAezUbRtH4FVb+9J4h+XFPW7l/gQ9F8qC7P+Ec4k8QVQ==}

  '@types/deep-eql@4.0.2':
    resolution: {integrity: sha512-c9h9dVVMigMPc4bwTvC5dxqtqJZwQPePsWjPlpSOnojbor6pGqdk541lfA7AqFQr5pB1BRdq0juY9db81BwyFw==}

  '@types/node@26.0.0':
    resolution: {integrity: sha512-vf2YFi1iY9lHGwNJMs01biZFbKJkrZR1T6/MlzjhJLPdntOHLhTrDSnSVcdtvjihi4VQNlrFRIxLsDBlQpAipA==}

  '@typescript/native-preview-darwin-arm64@7.0.0-dev.20260623.1':
    resolution: {integrity: sha512-8AX9NwC+G6Sbh5hNLnx8YgxoRV/8BH8FQRtZ86OTtUQfESMRvwszOGTtfcC32g86O5jsEQPDHXKVSnsIzWh6lg==}
    engines: {node: '>=16.20.0'}
    cpu: [arm64]
    os: [darwin]

  '@typescript/native-preview-darwin-x64@7.0.0-dev.20260623.1':
    resolution: {integrity: sha512-ef+JmOjtTu0BRdhAq69WbzCWjZsG6gqS8xDI4fKABdWXlrVojPkrD2OObog3PC7Qte8us6QspQvvnKTf7yKFSQ==}
    engines: {node: '>=16.20.0'}
    cpu: [x64]
    os: [darwin]

  '@typescript/native-preview-linux-arm64@7.0.0-dev.20260623.1':
    resolution: {integrity: sha512-xb9m0WXvIPHOogGTC02iBv3cwRJ7q+Ql2ABcsu4kHYc1p02JSbIBEfu3g58TpcFZyODsO+8WaDylx/hBiGzlVw==}
    engines: {node: '>=16.20.0'}
    cpu: [arm64]
    os: [linux]

  '@typescript/native-preview-linux-arm@7.0.0-dev.20260623.1':
    resolution: {integrity: sha512-8f9dT1RaOK3Wy/puboAcCik4HBX6mfWt5hOMipWehDfInNFI6XP3ZYErShowBQ0Tkln5qdGqDIoq452PO/ZwCA==}
    engines: {node: '>=16.20.0'}
    cpu: [arm]
    os: [linux]

  '@typescript/native-preview-linux-x64@7.0.0-dev.20260623.1':
    resolution: {integrity: sha512-AZRp6q0SyVw9xe9kpyfTmavqkQKizDhmOLglDHbxAu4Y3inL6r2GSE7q3w/eO4R259dIwl5TM52DZKK8onoT6Q==}
    engines: {node: '>=16.20.0'}
    cpu: [x64]
    os: [linux]

  '@typescript/native-preview-win32-arm64@7.0.0-dev.20260623.1':
    resolution: {integrity: sha512-DXRMXOe/JEmf2CULZZn1xvRuJrnZ9DxzDubxtW85pE0aSLgl+VuplWCsZrBxaCZDrWMRIfMDV8Y0y+Yftx/jeQ==}
    engines: {node: '>=16.20.0'}
    cpu: [arm64]
    os: [win32]

  '@typescript/native-preview-win32-x64@7.0.0-dev.20260623.1':
    resolution: {integrity: sha512-kYB1I6tdxWHjhSt8B2v9CHmpOJwJvD88LUCxiBS9C59pwrGe+LAwZvbTTJxvULNaUEjxdiMomYerWWhD/09Y3g==}
    engines: {node: '>=16.20.0'}
    cpu: [x64]
    os: [win32]

  '@typescript/native-preview@7.0.0-dev.20260623.1':
    resolution: {integrity: sha512-33AkAhmRu1/w4nRFLnJ9lic7FSzW4zWfU1u5DP7A2+j1445SSNvf3Q4WGtDzdAR5HSlk8vXEa0B4xUHR5vM1tg==}
    engines: {node: '>=16.20.0'}
    hasBin: true

  assertion-error@2.0.1:
    resolution: {integrity: sha512-Izi8RQcffqCeNVgFigKli1ssklIbpHnCYc6AknXGYoB6grJqyeby7jv12JUQgmTAnIDnbck1uxksT4dzN3PWBA==}
    engines: {node: '>=12'}

  crypto-js@4.2.0:
    resolution: {integrity: sha512-KALDyEYgpY+Rlob/iriUtjV6d5Eq+Y191A5g4UqLAi8CyGP9N1+FdVbkc1SxKc2r4YAYqG8JzO2KGL+AizD70Q==}

  oxfmt@0.56.0:
    resolution: {integrity: sha512-9Dv0wV3zKiyvhjD7bRKaInKmHQ1sPx3RGOjQkGFJbbdQ16576yf8qhMSO9Q9cvHcs+1NpBsRTkuDDYFFPTJ6gw==}
    engines: {node: ^20.19.0 || >=22.12.0}
    hasBin: true
    peerDependencies:
      svelte: ^5.0.0
      vite-plus: '*'
    peerDependenciesMeta:
      svelte:
        optional: true
      vite-plus:
        optional: true

  oxlint@1.71.0:
    resolution: {integrity: sha512-U1m1X+C0vDj7DC1e13IoZULzEcPczE7UOMTs8VlZGHUEIUaSTZKo5qkPsQEfzpgnQ29Pea/w3Xntk62UCecxZw==}
    engines: {node: ^20.19.0 || >=22.12.0}
    hasBin: true
    peerDependencies:
      oxlint-tsgolint: '>=0.22.1'
      vite-plus: '*'
    peerDependenciesMeta:
      oxlint-tsgolint:
        optional: true
      vite-plus:
        optional: true

  rsbuild-plugin-dts@0.23.0:
    resolution: {integrity: sha512-3dyx2+ZeIFRR1E3f28wQrcDW1kMa15thHBe97dJby/rE9GQusGPw+td8sVQnxcxhXwzy7eFkUOzN5XoZ/Nj++A==}
    engines: {node: ^20.19.0 || >=22.12.0}
    peerDependencies:
      '@microsoft/api-extractor': ^7
      '@rsbuild/core': ^1.0.0 || ^2.0.0-0
      '@typescript/native-preview': ^7.0.0-0
      typescript: ^5 || ^6
    peerDependenciesMeta:
      '@microsoft/api-extractor':
        optional: true
      '@typescript/native-preview':
        optional: true
      typescript:
        optional: true

  tinypool@2.1.0:
    resolution: {integrity: sha512-Pugqs6M0m7Lv1I7FtxN4aoyToKg1C4tu+/381vH35y8oENM/Ai7f7C4StcoK4/+BSw9ebcS8jRiVrORFKCALLw==}
    engines: {node: ^20.0.0 || >=22.0.0}

  tslib@2.8.1:
    resolution: {integrity: sha512-oJFu94HQb+KVduSUQL7wnpmqnfmLsOA/nAh6b6EH0wCEoK0/mPeXU6c3wKDV83MkOuHPRHtSXKKU99IBazS/2w==}

  typescript@6.0.3:
    resolution: {integrity: sha512-y2TvuxSZPDyQakkFRPZHKFm+KKVqIisdg9/CZwm9ftvKXLP8NRWj38/ODjNbr43SsoXqNuAisEf1GdCxqWcdBw==}
    engines: {node: '>=14.17'}
    hasBin: true

  undici-types@8.3.0:
    resolution: {integrity: sha512-j375ScV60dom+YkPFIfTLcOiPxkN/buHz5GobjLhixFuANaNs3C9l4GmrWqejgXWJ7BbJcFYpTEUkS1Ge8bpZQ==}

snapshots:

  '@ast-grep/napi-darwin-arm64@0.37.0':
    optional: true

  '@ast-grep/napi-darwin-x64@0.37.0':
    optional: true

  '@ast-grep/napi-linux-arm64-gnu@0.37.0':
    optional: true

  '@ast-grep/napi-linux-arm64-musl@0.37.0':
    optional: true

  '@ast-grep/napi-linux-x64-gnu@0.37.0':
    optional: true

  '@ast-grep/napi-linux-x64-musl@0.37.0':
    optional: true

  '@ast-grep/napi-win32-arm64-msvc@0.37.0':
    optional: true

  '@ast-grep/napi-win32-ia32-msvc@0.37.0':
    optional: true

  '@ast-grep/napi-win32-x64-msvc@0.37.0':
    optional: true

  '@ast-grep/napi@0.37.0':
    optionalDependencies:
      '@ast-grep/napi-darwin-arm64': 0.37.0
      '@ast-grep/napi-darwin-x64': 0.37.0
      '@ast-grep/napi-linux-arm64-gnu': 0.37.0
      '@ast-grep/napi-linux-arm64-musl': 0.37.0
      '@ast-grep/napi-linux-x64-gnu': 0.37.0
      '@ast-grep/napi-linux-x64-musl': 0.37.0
      '@ast-grep/napi-win32-arm64-msvc': 0.37.0
      '@ast-grep/napi-win32-ia32-msvc': 0.37.0
      '@ast-grep/napi-win32-x64-msvc': 0.37.0

  '@emnapi/core@1.10.0':
    dependencies:
      '@emnapi/wasi-threads': 1.2.1
      tslib: 2.8.1
    optional: true

  '@emnapi/runtime@1.10.0':
    dependencies:
      tslib: 2.8.1
    optional: true

  '@emnapi/wasi-threads@1.2.1':
    dependencies:
      tslib: 2.8.1
    optional: true

  '@napi-rs/wasm-runtime@1.1.4(@emnapi/core@1.10.0)(@emnapi/runtime@1.10.0)':
    dependencies:
      '@emnapi/core': 1.10.0
      '@emnapi/runtime': 1.10.0
      '@tybys/wasm-util': 0.10.2
    optional: true

  '@oxfmt/binding-android-arm-eabi@0.56.0':
    optional: true

  '@oxfmt/binding-android-arm64@0.56.0':
    optional: true

  '@oxfmt/binding-darwin-arm64@0.56.0':
    optional: true

  '@oxfmt/binding-darwin-x64@0.56.0':
    optional: true

  '@oxfmt/binding-freebsd-x64@0.56.0':
    optional: true

  '@oxfmt/binding-linux-arm-gnueabihf@0.56.0':
    optional: true

  '@oxfmt/binding-linux-arm-musleabihf@0.56.0':
    optional: true

  '@oxfmt/binding-linux-arm64-gnu@0.56.0':
    optional: true

  '@oxfmt/binding-linux-arm64-musl@0.56.0':
    optional: true

  '@oxfmt/binding-linux-ppc64-gnu@0.56.0':
    optional: true

  '@oxfmt/binding-linux-riscv64-gnu@0.56.0':
    optional: true

  '@oxfmt/binding-linux-riscv64-musl@0.56.0':
    optional: true

  '@oxfmt/binding-linux-s390x-gnu@0.56.0':
    optional: true

  '@oxfmt/binding-linux-x64-gnu@0.56.0':
    optional: true

  '@oxfmt/binding-linux-x64-musl@0.56.0':
    optional: true

  '@oxfmt/binding-openharmony-arm64@0.56.0':
    optional: true

  '@oxfmt/binding-win32-arm64-msvc@0.56.0':
    optional: true

  '@oxfmt/binding-win32-ia32-msvc@0.56.0':
    optional: true

  '@oxfmt/binding-win32-x64-msvc@0.56.0':
    optional: true

  '@oxlint/binding-android-arm-eabi@1.71.0':
    optional: true

  '@oxlint/binding-android-arm64@1.71.0':
    optional: true

  '@oxlint/binding-darwin-arm64@1.71.0':
    optional: true

  '@oxlint/binding-darwin-x64@1.71.0':
    optional: true

  '@oxlint/binding-freebsd-x64@1.71.0':
    optional: true

  '@oxlint/binding-linux-arm-gnueabihf@1.71.0':
    optional: true

  '@oxlint/binding-linux-arm-musleabihf@1.71.0':
    optional: true

  '@oxlint/binding-linux-arm64-gnu@1.71.0':
    optional: true

  '@oxlint/binding-linux-arm64-musl@1.71.0':
    optional: true

  '@oxlint/binding-linux-ppc64-gnu@1.71.0':
    optional: true

  '@oxlint/binding-linux-riscv64-gnu@1.71.0':
    optional: true

  '@oxlint/binding-linux-riscv64-musl@1.71.0':
    optional: true

  '@oxlint/binding-linux-s390x-gnu@1.71.0':
    optional: true

  '@oxlint/binding-linux-x64-gnu@1.71.0':
    optional: true

  '@oxlint/binding-linux-x64-musl@1.71.0':
    optional: true

  '@oxlint/binding-openharmony-arm64@1.71.0':
    optional: true

  '@oxlint/binding-win32-arm64-msvc@1.71.0':
    optional: true

  '@oxlint/binding-win32-ia32-msvc@1.71.0':
    optional: true

  '@oxlint/binding-win32-x64-msvc@1.71.0':
    optional: true

  '@rsbuild/core@2.0.15':
    dependencies:
      '@rspack/core': 2.0.8(@swc/helpers@0.5.23)
      '@swc/helpers': 0.5.23
    transitivePeerDependencies:
      - '@module-federation/runtime-tools'

  '@rslib/core@0.23.0(@typescript/native-preview@7.0.0-dev.20260623.1)(typescript@6.0.3)':
    dependencies:
      '@rsbuild/core': 2.0.15
      rsbuild-plugin-dts: 0.23.0(@rsbuild/core@2.0.15)(@typescript/native-preview@7.0.0-dev.20260623.1)(typescript@6.0.3)
    optionalDependencies:
      typescript: 6.0.3
    transitivePeerDependencies:
      - '@module-federation/runtime-tools'
      - '@typescript/native-preview'
      - core-js

  '@rspack/binding-darwin-arm64@2.0.8':
    optional: true

  '@rspack/binding-darwin-x64@2.0.8':
    optional: true

  '@rspack/binding-linux-arm64-gnu@2.0.8':
    optional: true

  '@rspack/binding-linux-arm64-musl@2.0.8':
    optional: true

  '@rspack/binding-linux-x64-gnu@2.0.8':
    optional: true

  '@rspack/binding-linux-x64-musl@2.0.8':
    optional: true

  '@rspack/binding-wasm32-wasi@2.0.8':
    dependencies:
      '@emnapi/core': 1.10.0
      '@emnapi/runtime': 1.10.0
      '@napi-rs/wasm-runtime': 1.1.4(@emnapi/core@1.10.0)(@emnapi/runtime@1.10.0)
    optional: true

  '@rspack/binding-win32-arm64-msvc@2.0.8':
    optional: true

  '@rspack/binding-win32-ia32-msvc@2.0.8':
    optional: true

  '@rspack/binding-win32-x64-msvc@2.0.8':
    optional: true

  '@rspack/binding@2.0.8':
    optionalDependencies:
      '@rspack/binding-darwin-arm64': 2.0.8
      '@rspack/binding-darwin-x64': 2.0.8
      '@rspack/binding-linux-arm64-gnu': 2.0.8
      '@rspack/binding-linux-arm64-musl': 2.0.8
      '@rspack/binding-linux-x64-gnu': 2.0.8
      '@rspack/binding-linux-x64-musl': 2.0.8
      '@rspack/binding-wasm32-wasi': 2.0.8
      '@rspack/binding-win32-arm64-msvc': 2.0.8
      '@rspack/binding-win32-ia32-msvc': 2.0.8
      '@rspack/binding-win32-x64-msvc': 2.0.8

  '@rspack/core@2.0.8(@swc/helpers@0.5.23)':
    dependencies:
      '@rspack/binding': 2.0.8
    optionalDependencies:
      '@swc/helpers': 0.5.23

  '@rstest/core@0.10.6':
    dependencies:
      '@rsbuild/core': 2.0.15
      '@types/chai': 5.2.3
    transitivePeerDependencies:
      - '@module-federation/runtime-tools'
      - core-js

  '@swc/helpers@0.5.23':
    dependencies:
      tslib: 2.8.1

  '@tybys/wasm-util@0.10.2':
    dependencies:
      tslib: 2.8.1
    optional: true

  '@types/chai@5.2.3':
    dependencies:
      '@types/deep-eql': 4.0.2
      assertion-error: 2.0.1

  '@types/crypto-js@4.2.2': {}

  '@types/deep-eql@4.0.2': {}

  '@types/node@26.0.0':
    dependencies:
      undici-types: 8.3.0

  '@typescript/native-preview-darwin-arm64@7.0.0-dev.20260623.1':
    optional: true

  '@typescript/native-preview-darwin-x64@7.0.0-dev.20260623.1':
    optional: true

  '@typescript/native-preview-linux-arm64@7.0.0-dev.20260623.1':
    optional: true

  '@typescript/native-preview-linux-arm@7.0.0-dev.20260623.1':
    optional: true

  '@typescript/native-preview-linux-x64@7.0.0-dev.20260623.1':
    optional: true

  '@typescript/native-preview-win32-arm64@7.0.0-dev.20260623.1':
    optional: true

  '@typescript/native-preview-win32-x64@7.0.0-dev.20260623.1':
    optional: true

  '@typescript/native-preview@7.0.0-dev.20260623.1':
    optionalDependencies:
      '@typescript/native-preview-darwin-arm64': 7.0.0-dev.20260623.1
      '@typescript/native-preview-darwin-x64': 7.0.0-dev.20260623.1
      '@typescript/native-preview-linux-arm': 7.0.0-dev.20260623.1
      '@typescript/native-preview-linux-arm64': 7.0.0-dev.20260623.1
      '@typescript/native-preview-linux-x64': 7.0.0-dev.20260623.1
      '@typescript/native-preview-win32-arm64': 7.0.0-dev.20260623.1
      '@typescript/native-preview-win32-x64': 7.0.0-dev.20260623.1

  assertion-error@2.0.1: {}

  crypto-js@4.2.0: {}

  oxfmt@0.56.0:
    dependencies:
      tinypool: 2.1.0
    optionalDependencies:
      '@oxfmt/binding-android-arm-eabi': 0.56.0
      '@oxfmt/binding-android-arm64': 0.56.0
      '@oxfmt/binding-darwin-arm64': 0.56.0
      '@oxfmt/binding-darwin-x64': 0.56.0
      '@oxfmt/binding-freebsd-x64': 0.56.0
      '@oxfmt/binding-linux-arm-gnueabihf': 0.56.0
      '@oxfmt/binding-linux-arm-musleabihf': 0.56.0
      '@oxfmt/binding-linux-arm64-gnu': 0.56.0
      '@oxfmt/binding-linux-arm64-musl': 0.56.0
      '@oxfmt/binding-linux-ppc64-gnu': 0.56.0
      '@oxfmt/binding-linux-riscv64-gnu': 0.56.0
      '@oxfmt/binding-linux-riscv64-musl': 0.56.0
      '@oxfmt/binding-linux-s390x-gnu': 0.56.0
      '@oxfmt/binding-linux-x64-gnu': 0.56.0
      '@oxfmt/binding-linux-x64-musl': 0.56.0
      '@oxfmt/binding-openharmony-arm64': 0.56.0
      '@oxfmt/binding-win32-arm64-msvc': 0.56.0
      '@oxfmt/binding-win32-ia32-msvc': 0.56.0
      '@oxfmt/binding-win32-x64-msvc': 0.56.0

  oxlint@1.71.0:
    optionalDependencies:
      '@oxlint/binding-android-arm-eabi': 1.71.0
      '@oxlint/binding-android-arm64': 1.71.0
      '@oxlint/binding-darwin-arm64': 1.71.0
      '@oxlint/binding-darwin-x64': 1.71.0
      '@oxlint/binding-freebsd-x64': 1.71.0
      '@oxlint/binding-linux-arm-gnueabihf': 1.71.0
      '@oxlint/binding-linux-arm-musleabihf': 1.71.0
      '@oxlint/binding-linux-arm64-gnu': 1.71.0
      '@oxlint/binding-linux-arm64-musl': 1.71.0
      '@oxlint/binding-linux-ppc64-gnu': 1.71.0
      '@oxlint/binding-linux-riscv64-gnu': 1.71.0
      '@oxlint/binding-linux-riscv64-musl': 1.71.0
      '@oxlint/binding-linux-s390x-gnu': 1.71.0
      '@oxlint/binding-linux-x64-gnu': 1.71.0
      '@oxlint/binding-linux-x64-musl': 1.71.0
      '@oxlint/binding-openharmony-arm64': 1.71.0
      '@oxlint/binding-win32-arm64-msvc': 1.71.0
      '@oxlint/binding-win32-ia32-msvc': 1.71.0
      '@oxlint/binding-win32-x64-msvc': 1.71.0

  rsbuild-plugin-dts@0.23.0(@rsbuild/core@2.0.15)(@typescript/native-preview@7.0.0-dev.20260623.1)(typescript@6.0.3):
    dependencies:
      '@ast-grep/napi': 0.37.0
      '@rsbuild/core': 2.0.15
    optionalDependencies:
      '@typescript/native-preview': 7.0.0-dev.20260623.1
      typescript: 6.0.3

  tinypool@2.1.0: {}

  tslib@2.8.1: {}

  typescript@6.0.3: {}

  undici-types@8.3.0: {}
